// !$*UTF8*$!
{
	archiveVersion = 1;
	classes = {
	};
	objectVersion = 50;
	objects = {

/* Begin PBXBuildFile section */
		4919C4992609F9A8005163F7 /* GAME_22App.swift in Sources */ = {isa = PBXBuildFile; fileRef = 4919C4982609F9A8005163F7 /* GAME_22App.swift */; };
		4919C49B2609F9A8005163F7 /* ContentView.swift in Sources */ = {isa = PBXBuildFile; fileRef = 4919C49A2609F9A8005163F7 /* ContentView.swift */; };
		4919C49D2609F9AB005163F7 /* Assets.xcassets in Resources */ = {isa = PBXBuildFile; fileRef = 4919C49C2609F9AB005163F7 /* Assets.xcassets */; };
		4919C4A02609F9AB005163F7 /* Preview Assets.xcassets in Resources */ = {isa = PBXBuildFile; fileRef = 4919C49F2609F9AB005163F7 /* Preview Assets.xcassets */; };
		4919C4A92609F9C7005163F7 /* Card.swift in Sources */ = {isa = PBXBuildFile; fileRef = 4919C4A82609F9C7005163F7 /* Card.swift */; };
		4919C4AF2609F9F2005163F7 /* gameover.swift in Sources */ = {isa = PBXBuildFile; fileRef = 4919C4AE2609F9F2005163F7 /* gameover.swift */; };
		4919C4B22609FA29005163F7 /* 12321.mp3 in Resources */ = {isa = PBXBuildFile; fileRef = 4919C4B12609FA28005163F7 /* 12321.mp3 */; };
		4919C4B62609FA5F005163F7 /* PlayerView.swift in Sources */ = {isa = PBXBuildFile; fileRef = 4919C4B52609FA5F005163F7 /* PlayerView.swift */; };
		4919C4B92609FAB4005163F7 /* gameover_house.swift in Sources */ = {isa = PBXBuildFile; fileRef = 4919C4B82609FAB4005163F7 /* gameover_house.swift */; };
		8A08E2A3263C156300A1A4C2 /* testview.swift in Sources */ = {isa = PBXBuildFile; fileRef = 8A08E2A2263C156300A1A4C2 /* testview.swift */; };
		8A76F643263F34D900BFBAF2 /* chooseView.swift in Sources */ = {isa = PBXBuildFile; fileRef = 8A76F642263F34D900BFBAF2 /* chooseView.swift */; };
		8A76F64526402D9B00BFBAF2 /* AVplay.swift in Sources */ = {isa = PBXBuildFile; fileRef = 8A76F64426402D9B00BFBAF2 /* AVplay.swift */; };
		8A76F64726402F6800BFBAF2 /* music.mp3 in Resources */ = {isa = PBXBuildFile; fileRef = 8A76F64626402F6800BFBAF2 /* music.mp3 */; };
		8AE8116B263BB639004F46F3 /* HomePageView.swift in Sources */ = {isa = PBXBuildFile; fileRef = 8AE8116A263BB639004F46F3 /* HomePageView.swift */; };
/* End PBXBuildFile section */

/* Begin PBXFileReference section */
		4919C4952609F9A8005163F7 /* GAME-22.app */ = {isa = PBXFileReference; explicitFileType = wrapper.application; includeInIndex = 0; path = "GAME-22.app"; sourceTree = BUILT_PRODUCTS_DIR; };
		4919C4982609F9A8005163F7 /* GAME_22App.swift */ = {isa = PBXFileReference; lastKnownFileType = sourcecode.swift; path = GAME_22App.swift; sourceTree = "<group>"; };
		4919C49A2609F9A8005163F7 /* ContentView.swift */ = {isa = PBXFileReference; lastKnownFileType = sourcecode.swift; path = ContentView.swift; sourceTree = "<group>"; };
		4919C49C2609F9AB005163F7 /* Assets.xcassets */ = {isa = PBXFileReference; lastKnownFileType = folder.assetcatalog; path = Assets.xcassets; sourceTree = "<group>"; };
		4919C49F2609F9AB005163F7 /* Preview Assets.xcassets */ = {isa = PBXFileReference; lastKnownFileType = folder.assetcatalog; path = "Preview Assets.xcassets"; sourceTree = "<group>"; };
		4919C4A12609F9AB005163F7 /* Info.plist */ = {isa = PBXFileReference; lastKnownFileType = text.plist.xml; path = Info.plist; sourceTree = "<group>"; };
		4919C4A82609F9C7005163F7 /* Card.swift */ = {isa = PBXFileReference; lastKnownFileType = sourcecode.swift; path = Card.swift; sourceTree = "<group>"; };
		4919C4AE2609F9F2005163F7 /* gameover.swift */ = {isa = PBXFileReference; lastKnownFileType = sourcecode.swift; path = gameover.swift; sourceTree = "<group>"; };
		4919C4B12609FA28005163F7 /* 12321.mp3 */ = {isa = PBXFileReference; lastKnownFileType = audio.mp3; path = 12321.mp3; sourceTree = "<group>"; };
		4919C4B52609FA5F005163F7 /* PlayerView.swift */ = {isa = PBXFileReference; lastKnownFileType = sourcecode.swift; path = PlayerView.swift; sourceTree = "<group>"; };
		4919C4B82609FAB4005163F7 /* gameover_house.swift */ = {isa = PBXFileReference; lastKnownFileType = sourcecode.swift; path = gameover_house.swift; sourceTree = "<group>"; };
		8A08E2A2263C156300A1A4C2 /* testview.swift */ = {isa = PBXFileReference; lastKnownFileType = sourcecode.swift; path = testview.swift; sourceTree = "<group>"; };
		8A76F642263F34D900BFBAF2 /* chooseView.swift */ = {isa = PBXFileReference; lastKnownFileType = sourcecode.swift; path = chooseView.swift; sourceTree = "<group>"; };
		8A76F64426402D9B00BFBAF2 /* AVplay.swift */ = {isa = PBXFileReference; lastKnownFileType = sourcecode.swift; path = AVplay.swift; sourceTree = "<group>"; };
		8A76F64626402F6800BFBAF2 /* music.mp3 */ = {isa = PBXFileReference; lastKnownFileType = audio.mp3; name = music.mp3; path = "../../GAME-3/GAME-3/music.mp3"; sourceTree = "<group>"; };
		8AE8116A263BB639004F46F3 /* HomePageView.swift */ = {isa = PBXFileReference; lastKnownFileType = sourcecode.swift; path = HomePageView.swift; sourceTree = "<group>"; };
/* End PBXFileReference section */

/* Begin PBXFrameworksBuildPhase section */
		4919C4922609F9A8005163F7 /* Frameworks */ = {
			isa = PBXFrameworksBuildPhase;
			buildActionMask = 2147483647;
			files = (
			);
			runOnlyForDeploymentPostprocessing = 0;
		};
/* End PBXFrameworksBuildPhase section */

/* Begin PBXGroup section */
		4919C48C2609F9A8005163F7 = {
			isa = PBXGroup;
			children = (
				4919C4972609F9A8005163F7 /* GAME-22 */,
				4919C4962609F9A8005163F7 /* Products */,
			);
			sourceTree = "<group>";
		};
		4919C4962609F9A8005163F7 /* Products */ = {
			isa = PBXGroup;
			children = (
				4919C4952609F9A8005163F7 /* GAME-22.app */,
			);
			name = Products;
			sourceTree = "<group>";
		};
		4919C4972609F9A8005163F7 /* GAME-22 */ = {
			isa = PBXGroup;
			children = (
				4919C4A82609F9C7005163F7 /* Card.swift */,
				4919C4B82609FAB4005163F7 /* gameover_house.swift */,
				8A76F64426402D9B00BFBAF2 /* AVplay.swift */,
				4919C4B52609FA5F005163F7 /* PlayerView.swift */,
				8A76F642263F34D900BFBAF2 /* chooseView.swift */,
				4919C4982609F9A8005163F7 /* GAME_22App.swift */,
				4919C4AE2609F9F2005163F7 /* gameover.swift */,
				8A76F64626402F6800BFBAF2 /* music.mp3 */,
				8AE8116A263BB639004F46F3 /* HomePageView.swift */,
				8A08E2A2263C156300A1A4C2 /* testview.swift */,
				4919C49A2609F9A8005163F7 /* ContentView.swift */,
				4919C4B12609FA28005163F7 /* 12321.mp3 */,
				4919C49C2609F9AB005163F7 /* Assets.xcassets */,
				4919C4A12609F9AB005163F7 /* Info.plist */,
				4919C49E2609F9AB005163F7 /* Preview Content */,
			);
			path = "GAME-22";
			sourceTree = "<group>";
		};
		4919C49E2609F9AB005163F7 /* Preview Content */ = {
			isa = PBXGroup;
			children = (
				4919C49F2609F9AB005163F7 /* Preview Assets.xcassets */,
			);
			path = "Preview Content";
			sourceTree = "<group>";
		};
/* End PBXGroup section */

/* Begin PBXNativeTarget section */
		4919C4942609F9A8005163F7 /* GAME-22 */ = {
			isa = PBXNativeTarget;
			buildConfigurationList = 4919C4A42609F9AB005163F7 /* Build configuration list for PBXNativeTarget "GAME-22" */;
			buildPhases = (
				4919C4912609F9A8005163F7 /* Sources */,
				4919C4922609F9A8005163F7 /* Frameworks */,
				4919C4932609F9A8005163F7 /* Resources */,
			);
			buildRules = (
			);
			dependencies = (
			);
			name = "GAME-22";
			productName = "GAME-22";
			productReference = 4919C4952609F9A8005163F7 /* GAME-22.app */;
			productType = "com.apple.product-type.application";
		};
/* End PBXNativeTarget section */

/* Begin PBXProject section */
		4919C48D2609F9A8005163F7 /* Project object */ = {
			isa = PBXProject;
			attributes = {
				LastSwiftUpdateCheck = 1230;
				LastUpgradeCheck = 1230;
				TargetAttributes = {
					4919C4942609F9A8005163F7 = {
						CreatedOnToolsVersion = 12.3;
					};
				};
			};
			buildConfigurationList = 4919C4902609F9A8005163F7 /* Build configuration list for PBXProject "GAME-22" */;
			compatibilityVersion = "Xcode 9.3";
			developmentRegion = en;
			hasScannedForEncodings = 0;
			knownRegions = (
				en,
				Base,
			);
			mainGroup = 4919C48C2609F9A8005163F7;
			productRefGroup = 4919C4962609F9A8005163F7 /* Products */;
			projectDirPath = "";
			projectRoot = "";
			targets = (
				4919C4942609F9A8005163F7 /* GAME-22 */,
			);
		};
/* End PBXProject section */

/* Begin PBXResourcesBuildPhase section */
		4919C4932609F9A8005163F7 /* Resources */ = {
			isa = PBXResourcesBuildPhase;
			buildActionMask = 2147483647;
			files = (
				8A76F64726402F6800BFBAF2 /* music.mp3 in Resources */,
				4919C4A02609F9AB005163F7 /* Preview Assets.xcassets in Resources */,
				4919C4B22609FA29005163F7 /* 12321.mp3 in Resources */,
				4919C49D2609F9AB005163F7 /* Assets.xcassets in Resources */,
			);
			runOnlyForDeploymentPostprocessing = 0;
		};
/* End PBXResourcesBuildPhase section */

/* Begin PBXSourcesBuildPhase section */
		4919C4912609F9A8005163F7 /* Sources */ = {
			isa = PBXSourcesBuildPhase;
			buildActionMask = 2147483647;
			files = (
				4919C4B92609FAB4005163F7 /* gameover_house.swift in Sources */,
				4919C49B2609F9A8005163F7 /* ContentView.swift in Sources */,
				4919C4AF2609F9F2005163F7 /* gameover.swift in Sources */,
				4919C4A92609F9C7005163F7 /* Card.swift in Sources */,
				8A08E2A3263C156300A1A4C2 /* testview.swift in Sources */,
				8A76F643263F34D900BFBAF2 /* chooseView.swift in Sources */,
				8A76F64526402D9B00BFBAF2 /* AVplay.swift in Sources */,
				4919C4B62609FA5F005163F7 /* PlayerView.swift in Sources */,
				8AE8116B263BB639004F46F3 /* HomePageView.swift in Sources */,
				4919C4992609F9A8005163F7 /* GAME_22App.swift in Sources */,
			);
			runOnlyForDeploymentPostprocessing = 0;
		};
/* End PBXSourcesBuildPhase section */

/* Begin XCBuildConfiguration section */
		4919C4A22609F9AB005163F7 /* Debug */ = {
			isa = XCBuildConfiguration;
			buildSettings = {
				ALWAYS_SEARCH_USER_PATHS = NO;
				CLANG_ANALYZER_NONNULL = YES;
				CLANG_ANALYZER_NUMBER_OBJECT_CONVERSION = YES_AGGRESSIVE;
				CLANG_CXX_LANGUAGE_STANDARD = "gnu++14";
				CLANG_CXX_LIBRARY = "libc++";
				CLANG_ENABLE_MODULES = YES;
				CLANG_ENABLE_OBJC_ARC = YES;
				CLANG_ENABLE_OBJC_WEAK = YES;
				CLANG_WARN_BLOCK_CAPTURE_AUTORELEASING = YES;
				CLANG_WARN_BOOL_CONVERSION = YES;
				CLANG_WARN_COMMA = YES;
				CLANG_WARN_CONSTANT_CONVERSION = YES;
				CLANG_WARN_DEPRECATED_OBJC_IMPLEMENTATIONS = YES;
				CLANG_WARN_DIRECT_OBJC_ISA_USAGE = YES_ERROR;
				CLANG_WARN_DOCUMENTATION_COMMENTS = YES;
				CLANG_WARN_EMPTY_BODY = YES;
				CLANG_WARN_ENUM_CONVERSION = YES;
				CLANG_WARN_INFINITE_RECURSION = YES;
				CLANG_WARN_INT_CONVERSION = YES;
				CLANG_WARN_NON_LITERAL_NULL_CONVERSION = YES;
				CLANG_WARN_OBJC_IMPLICIT_RETAIN_SELF = YES;
				CLANG_WARN_OBJC_LITERAL_CONVERSION = YES;
				CLANG_WARN_OBJC_ROOT_CLASS = YES_ERROR;
				CLANG_WARN_QUOTED_INCLUDE_IN_FRAMEWORK_HEADER = YES;
				CLANG_WARN_RANGE_LOOP_ANALYSIS = YES;
				CLANG_WARN_STRICT_PROTOTYPES = YES;
				CLANG_WARN_SUSPICIOUS_MOVE = YES;
				CLANG_WARN_UNGUARDED_AVAILABILITY = YES_AGGRESSIVE;
				CLANG_WARN_UNREACHABLE_CODE = YES;
				CLANG_WARN__DUPLICATE_METHOD_MATCH = YES;
				COPY_PHASE_STRIP = NO;
				DEBUG_INFORMATION_FORMAT = dwarf;
				ENABLE_STRICT_OBJC_MSGSEND = YES;
				ENABLE_TESTABILITY = YES;
				GCC_C_LANGUAGE_STANDARD = gnu11;
				GCC_DYNAMIC_NO_PIC = NO;
				GCC_NO_COMMON_BLOCKS = YES;
				GCC_OPTIMIZATION_LEVEL = 0;
				GCC_PREPROCESSOR_DEFINITIONS = (
					"DEBUG=1",
					"$(inherited)",
				);
				GCC_WARN_64_TO_32_BIT_CONVERSION = YES;
				GCC_WARN_ABOUT_RETURN_TYPE = YES_ERROR;
				GCC_WARN_UNDECLARED_SELECTOR = YES;
				GCC_WARN_UNINITIALIZED_AUTOS = YES_AGGRESSIVE;
				GCC_WARN_UNUSED_FUNCTION = YES;
				GCC_WARN_UNUSED_VARIABLE = YES;
				IPHONEOS_DEPLOYMENT_TARGET = 14.3;
				MTL_ENABLE_DEBUG_INFO = INCLUDE_SOURCE;
				MTL_FAST_MATH = YES;
				ONLY_ACTIVE_ARCH = YES;
				SDKROOT = iphoneos;
				SWIFT_ACTIVE_COMPILATION_CONDITIONS = DEBUG;
				SWIFT_OPTIMIZATION_LEVEL = "-Onone";
			};
			name = Debug;
		};
		4919C4A32609F9AB005163F7 /* Release */ = {
			isa = XCBuildConfiguration;
			buildSettings = {
				ALWAYS_SEARCH_USER_PATHS = NO;
				CLANG_ANALYZER_NONNULL = YES;
				CLANG_ANALYZER_NUMBER_OBJECT_CONVERSION = YES_AGGRESSIVE;
				CLANG_CXX_LANGUAGE_STANDARD = "gnu++14";
				CLANG_CXX_LIBRARY = "libc++";
				CLANG_ENABLE_MODULES = YES;
				CLANG_ENABLE_OBJC_ARC = YES;
				CLANG_ENABLE_OBJC_WEAK = YES;
				CLANG_WARN_BLOCK_CAPTURE_AUTORELEASING = YES;
				CLANG_WARN_BOOL_CONVERSION = YES;
				CLANG_WARN_COMMA = YES;
				CLANG_WARN_CONSTANT_CONVERSION = YES;
				CLANG_WARN_DEPRECATED_OBJC_IMPLEMENTATIONS = YES;
				CLANG_WARN_DIRECT_OBJC_ISA_USAGE = YES_ERROR;
				CLANG_WARN_DOCUMENTATION_COMMENTS = YES;
				CLANG_WARN_EMPTY_BODY = YES;
				CLANG_WARN_ENUM_CONVERSION = YES;
				CLANG_WARN_INFINITE_RECURSION = YES;
				CLANG_WARN_INT_CONVERSION = YES;
				CLANG_WARN_NON_LITERAL_NULL_CONVERSION = YES;
				CLANG_WARN_OBJC_IMPLICIT_RETAIN_SELF = YES;
				CLANG_WARN_OBJC_LITERAL_CONVERSION = YES;
				CLANG_WARN_OBJC_ROOT_CLASS = YES_ERROR;
				CLANG_WARN_QUOTED_INCLUDE_IN_FRAMEWORK_HEADER = YES;
				CLANG_WARN_RANGE_LOOP_ANALYSIS = YES;
				CLANG_WARN_STRICT_PROTOTYPES = YES;
				CLANG_WARN_SUSPICIOUS_MOVE = YES;
				CLANG_WARN_UNGUARDED_AVAILABILITY = YES_AGGRESSIVE;
				CLANG_WARN_UNREACHABLE_CODE = YES;
				CLANG_WARN__DUPLICATE_METHOD_MATCH = YES;
				COPY_PHASE_STRIP = NO;
				DEBUG_INFORMATION_FORMAT = "dwarf-with-dsym";
				ENABLE_NS_ASSERTIONS = NO;
				ENABLE_STRICT_OBJC_MSGSEND = YES;
				GCC_C_LANGUAGE_STANDARD = gnu11;
				GCC_NO_COMMON_BLOCKS = YES;
				GCC_WARN_64_TO_32_BIT_CONVERSION = YES;
				GCC_WARN_ABOUT_RETURN_TYPE = YES_ERROR;
				GCC_WARN_UNDECLARED_SELECTOR = YES;
				GCC_WARN_UNINITIALIZED_AUTOS = YES_AGGRESSIVE;
				GCC_WARN_UNUSED_FUNCTION = YES;
				GCC_WARN_UNUSED_VARIABLE = YES;
				IPHONEOS_DEPLOYMENT_TARGET = 14.3;
				MTL_ENABLE_DEBUG_INFO = NO;
				MTL_FAST_MATH = YES;
				SDKROOT = iphoneos;
				SWIFT_COMPILATION_MODE = wholemodule;
				SWIFT_OPTIMIZATION_LEVEL = "-O";
				VALIDATE_PRODUCT = YES;
			};
			name = Release;
		};
		4919C4A52609F9AB005163F7 /* Debug */ = {
			isa = XCBuildConfiguration;
			buildSettings = {
				ASSETCATALOG_COMPILER_APPICON_NAME = AppIcon;
				ASSETCATALOG_COMPILER_GLOBAL_ACCENT_COLOR_NAME = AccentColor;
				CODE_SIGN_STYLE = Automatic;
				DEVELOPMENT_ASSET_PATHS = "\"GAME-22/Preview Content\"";
				ENABLE_PREVIEWS = YES;
				INFOPLIST_FILE = "GAME-22/Info.plist";
				IPHONEOS_DEPLOYMENT_TARGET = 14.0;
				LD_RUNPATH_SEARCH_PATHS = (
					"$(inherited)",
					"@executable_path/Frameworks",
				);
				PRODUCT_BUNDLE_IDENTIFIER = "c60603.com.GAME-22";
				PRODUCT_NAME = "$(TARGET_NAME)";
				SWIFT_VERSION = 5.0;
				TARGETED_DEVICE_FAMILY = "1,2";
			};
			name = Debug;
		};
		4919C4A62609F9AB005163F7 /* Release */ = {
			isa = XCBuildConfiguration;
			buildSettings = {
				ASSETCATALOG_COMPILER_APPICON_NAME = AppIcon;
				ASSETCATALOG_COMPILER_GLOBAL_ACCENT_COLOR_NAME = AccentColor;
				CODE_SIGN_STYLE = Automatic;
				DEVELOPMENT_ASSET_PATHS = "\"GAME-22/Preview Content\"";
				ENABLE_PREVIEWS = YES;
				INFOPLIST_FILE = "GAME-22/Info.plist";
				IPHONEOS_DEPLOYMENT_TARGET = 14.0;
				LD_RUNPATH_SEARCH_PATHS = (
					"$(inherited)",
					"@executable_path/Frameworks",
				);
				PRODUCT_BUNDLE_IDENTIFIER = "c60603.com.GAME-22";
				PRODUCT_NAME = "$(TARGET_NAME)";
				SWIFT_VERSION = 5.0;
				TARGETED_DEVICE_FAMILY = "1,2";
			};
			name = Release;
		};
/* End XCBuildConfiguration section */

/* Begin XCConfigurationList section */
		4919C4902609F9A8005163F7 /* Build configuration list for PBXProject "GAME-22" */ = {
			isa = XCConfigurationList;
			buildConfigurations = (
				4919C4A22609F9AB005163F7 /* Debug */,
				4919C4A32609F9AB005163F7 /* Release */,
			);
			defaultConfigurationIsVisible = 0;
			defaultConfigurationName = Release;
		};
		4919C4A42609F9AB005163F7 /* Build configuration list for PBXNativeTarget "GAME-22" */ = {
			isa = XCConfigurationList;
			buildConfigurations = (
				4919C4A52609F9AB005163F7 /* Debug */,
				4919C4A62609F9AB005163F7 /* Release */,
			);
			defaultConfigurationIsVisible = 0;
			defaultConfigurationName = Release;
		};
/* End XCConfigurationList section */
	};
	rootObject = 4919C48D2609F9A8005163F7 /* Project object */;
}
